
Microsoft Visual Studio Solution File, Format Version 12.00
# Visual Studio 15
VisualStudioVersion = 15.0.28307.1062
MinimumVisualStudioVersion = 10.0.40219.1
Project("{FAE04EC0-301F-11D3-BF4B-00C04F79EFBC}") = "VirtualDars.Quiz.Backend", "VirtualDars.Quiz.Backend\VirtualDars.Quiz.Backend.csproj", "{A37C0AA4-F731-4E25-BCBA-F52C73529910}"
EndProject
Global
	GlobalSection(SolutionConfigurationPlatforms) = preSolution
		Debug|Any CPU = Debug|Any CPU
		Release|Any CPU = Release|Any CPU
	EndGlobalSection
	GlobalSection(ProjectConfigurationPlatforms) = postSolution
		{A37C0AA4-F731-4E25-BCBA-F52C73529910}.Debug|Any CPU.ActiveCfg = Debug|Any CPU
		{A37C0AA4-F731-4E25-BCBA-F52C73529910}.Debug|Any CPU.Build.0 = Debug|Any CPU
		{A37C0AA4-F731-4E25-BCBA-F52C73529910}.Release|Any CPU.ActiveCfg = Release|Any CPU
		{A37C0AA4-F731-4E25-BCBA-F52C73529910}.Release|Any CPU.Build.0 = Release|Any CPU
	EndGlobalSection
	GlobalSection(SolutionProperties) = preSolution
		HideSolutionNode = FALSE
	EndGlobalSection
	GlobalSection(ExtensibilityGlobals) = postSolution
		SolutionGuid = {7F7A2423-E7B9-4752-B101-02455533C8FD}
	EndGlobalSection
EndGlobal
